{
  "name": "avimo-subjective-exp",
  "version": "1.0.0",
  "lockfileVersion": 2,
  "requires": true,
  "packages": {
    "": {
      "name": "avimo-subjective-exp",
      "version": "1.0.0",
      "dependencies": {
        "@sparkjsdev/spark": "^0.1.8",
        "three": "^0.179.1"
      }
    },
    "node_modules/@sparkjsdev/spark": {
      "version": "0.1.8",
      "resolved": "https://registry.npmjs.org/@sparkjsdev/spark/-/spark-0.1.8.tgz",
      "integrity": "sha512-124RZTHc2wjDQhx1FlBWymuUG6LzyRVV4PAoX+M+LfIpjdBv90qtSMW7A48S6Qptf02zpYC/jTNzx2Hm6Sy70A==",
      "dependencies": {
        "fflate": "^0.8.2"
      }
    },
    "node_modules/fflate": {
      "version": "0.8.2",
      "resolved": "https://registry.npmjs.org/fflate/-/fflate-0.8.2.tgz",
      "integrity": "sha512-cPJU47OaAoCbg0pBvzsgpTPhmhqI5eJjh/JIu8tPj5q+T7iLvW/JAYUqmE7KOB4R1ZyEhzBaIQpQpardBF5z8A=="
    },
    "node_modules/three": {
      "version": "0.179.1",
      "resolved": "https://registry.npmjs.org/three/-/three-0.179.1.tgz",
      "integrity": "sha512-5y/elSIQbrvKOISxpwXCR4sQqHtGiOI+MKLc3SsBdDXA2hz3Mdp3X59aUp8DyybMa34aeBwbFTpdoLJaUDEWSw=="
    }
  },
  "dependencies": {
    "@sparkjsdev/spark": {
      "version": "0.1.8",
      "resolved": "https://registry.npmjs.org/@sparkjsdev/spark/-/spark-0.1.8.tgz",
      "integrity": "sha512-124RZTHc2wjDQhx1FlBWymuUG6LzyRVV4PAoX+M+LfIpjdBv90qtSMW7A48S6Qptf02zpYC/jTNzx2Hm6Sy70A==",
      "requires": {
        "fflate": "^0.8.2"
      }
    },
    "fflate": {
      "version": "0.8.2",
      "resolved": "https://registry.npmjs.org/fflate/-/fflate-0.8.2.tgz",
      "integrity": "sha512-cPJU47OaAoCbg0pBvzsgpTPhmhqI5eJjh/JIu8tPj5q+T7iLvW/JAYUqmE7KOB4R1ZyEhzBaIQpQpardBF5z8A=="
    },
    "three": {
      "version": "0.179.1",
      "resolved": "https://registry.npmjs.org/three/-/three-0.179.1.tgz",
      "integrity": "sha512-5y/elSIQbrvKOISxpwXCR4sQqHtGiOI+MKLc3SsBdDXA2hz3Mdp3X59aUp8DyybMa34aeBwbFTpdoLJaUDEWSw=="
    }
  }
}
